
Microsoft Visual Studio Solution File, Format Version 12.00
# Visual Studio Version 16
VisualStudioVersion = 16.0.29411.108
MinimumVisualStudioVersion = 10.0.40219.1
Project("{FAE04EC0-301F-11D3-BF4B-00C04F79EFBC}") = "WandaymoGomes", "WandaymoGomes\WandaymoGomes.csproj", "{00E801E6-7D69-470E-B9ED-891B51A8DE0D}"
EndProject
Global
	GlobalSection(SolutionConfigurationPlatforms) = preSolution
		Debug|Any CPU = Debug|Any CPU
		Release|Any CPU = Release|Any CPU
	EndGlobalSection
	GlobalSection(ProjectConfigurationPlatforms) = postSolution
		{00E801E6-7D69-470E-B9ED-891B51A8DE0D}.Debug|Any CPU.ActiveCfg = Debug|Any CPU
		{00E801E6-7D69-470E-B9ED-891B51A8DE0D}.Debug|Any CPU.Build.0 = Debug|Any CPU
		{00E801E6-7D69-470E-B9ED-891B51A8DE0D}.Release|Any CPU.ActiveCfg = Release|Any CPU
		{00E801E6-7D69-470E-B9ED-891B51A8DE0D}.Release|Any CPU.Build.0 = Release|Any CPU
	EndGlobalSection
	GlobalSection(SolutionProperties) = preSolution
		HideSolutionNode = FALSE
	EndGlobalSection
	GlobalSection(ExtensibilityGlobals) = postSolution
		SolutionGuid = {8EE56617-5697-4E84-B823-D5A615DFDC2D}
	EndGlobalSection
EndGlobal
